// !$*UTF8*$!
{
	archiveVersion = 1;
	classes = {
	};
	objectVersion = 55;
	objects = {

/* Begin PBXBuildFile section */
		A92795052808AD4900CC5CB0 /* AppDelegate.swift in Sources */ = {isa = PBXBuildFile; fileRef = A92795042808AD4900CC5CB0 /* AppDelegate.swift */; };
		A92795072808AD4900CC5CB0 /* SceneDelegate.swift in Sources */ = {isa = PBXBuildFile; fileRef = A92795062808AD4900CC5CB0 /* SceneDelegate.swift */; };
		A927950E2808AD4B00CC5CB0 /* Assets.xcassets in Resources */ = {isa = PBXBuildFile; fileRef = A927950D2808AD4B00CC5CB0 /* Assets.xcassets */; };
		A92795112808AD4B00CC5CB0 /* LaunchScreen.storyboard in Resources */ = {isa = PBXBuildFile; fileRef = A927950F2808AD4B00CC5CB0 /* LaunchScreen.storyboard */; };
		A927951F2808AEEC00CC5CB0 /* GameVC.swift in Sources */ = {isa = PBXBuildFile; fileRef = A92795192808AEEC00CC5CB0 /* GameVC.swift */; };
		A92795202808AEEC00CC5CB0 /* SettingsVC.swift in Sources */ = {isa = PBXBuildFile; fileRef = A927951B2808AEEC00CC5CB0 /* SettingsVC.swift */; };
		A92795212808AEEC00CC5CB0 /* TranslateViewModel.swift in Sources */ = {isa = PBXBuildFile; fileRef = A927951D2808AEEC00CC5CB0 /* TranslateViewModel.swift */; };
		A92795222808AEEC00CC5CB0 /* TranslateVC.swift in Sources */ = {isa = PBXBuildFile; fileRef = A927951E2808AEEC00CC5CB0 /* TranslateVC.swift */; };
		A92795242808AEF500CC5CB0 /* TapBarVC.swift in Sources */ = {isa = PBXBuildFile; fileRef = A92795232808AEF500CC5CB0 /* TapBarVC.swift */; };
/* End PBXBuildFile section */

/* Begin PBXFileReference section */
		A92795012808AD4900CC5CB0 /* PeronalTransGame.app */ = {isa = PBXFileReference; explicitFileType = wrapper.application; includeInIndex = 0; path = PeronalTransGame.app; sourceTree = BUILT_PRODUCTS_DIR; };
		A92795042808AD4900CC5CB0 /* AppDelegate.swift */ = {isa = PBXFileReference; lastKnownFileType = sourcecode.swift; path = AppDelegate.swift; sourceTree = "<group>"; };
		A92795062808AD4900CC5CB0 /* SceneDelegate.swift */ = {isa = PBXFileReference; lastKnownFileType = sourcecode.swift; path = SceneDelegate.swift; sourceTree = "<group>"; };
		A927950D2808AD4B00CC5CB0 /* Assets.xcassets */ = {isa = PBXFileReference; lastKnownFileType = folder.assetcatalog; path = Assets.xcassets; sourceTree = "<group>"; };
		A92795102808AD4B00CC5CB0 /* Base */ = {isa = PBXFileReference; lastKnownFileType = file.storyboard; name = Base; path = Base.lproj/LaunchScreen.storyboard; sourceTree = "<group>"; };
		A92795122808AD4B00CC5CB0 /* Info.plist */ = {isa = PBXFileReference; lastKnownFileType = text.plist.xml; path = Info.plist; sourceTree = "<group>"; };
		A92795192808AEEC00CC5CB0 /* GameVC.swift */ = {isa = PBXFileReference; fileEncoding = 4; lastKnownFileType = sourcecode.swift; path = GameVC.swift; sourceTree = "<group>"; };
		A927951B2808AEEC00CC5CB0 /* SettingsVC.swift */ = {isa = PBXFileReference; fileEncoding = 4; lastKnownFileType = sourcecode.swift; path = SettingsVC.swift; sourceTree = "<group>"; };
		A927951D2808AEEC00CC5CB0 /* TranslateViewModel.swift */ = {isa = PBXFileReference; fileEncoding = 4; lastKnownFileType = sourcecode.swift; path = TranslateViewModel.swift; sourceTree = "<group>"; };
		A927951E2808AEEC00CC5CB0 /* TranslateVC.swift */ = {isa = PBXFileReference; fileEncoding = 4; lastKnownFileType = sourcecode.swift; path = TranslateVC.swift; sourceTree = "<group>"; };
		A92795232808AEF500CC5CB0 /* TapBarVC.swift */ = {isa = PBXFileReference; fileEncoding = 4; lastKnownFileType = sourcecode.swift; path = TapBarVC.swift; sourceTree = "<group>"; };
/* End PBXFileReference section */

/* Begin PBXFrameworksBuildPhase section */
		A92794FE2808AD4900CC5CB0 /* Frameworks */ = {
			isa = PBXFrameworksBuildPhase;
			buildActionMask = 2147483647;
			files = (
			);
			runOnlyForDeploymentPostprocessing = 0;
		};
/* End PBXFrameworksBuildPhase section */

/* Begin PBXGroup section */
		A92794F82808AD4900CC5CB0 = {
			isa = PBXGroup;
			children = (
				A92795032808AD4900CC5CB0 /* PeronalTransGame */,
				A92795022808AD4900CC5CB0 /* Products */,
			);
			sourceTree = "<group>";
		};
		A92795022808AD4900CC5CB0 /* Products */ = {
			isa = PBXGroup;
			children = (
				A92795012808AD4900CC5CB0 /* PeronalTransGame.app */,
			);
			name = Products;
			sourceTree = "<group>";
		};
		A92795032808AD4900CC5CB0 /* PeronalTransGame */ = {
			isa = PBXGroup;
			children = (
				A92795232808AEF500CC5CB0 /* TapBarVC.swift */,
				A92795182808AEEC00CC5CB0 /* GameVC */,
				A927951A2808AEEC00CC5CB0 /* SettingsVC */,
				A927951C2808AEEC00CC5CB0 /* TranslateVC */,
				A92795252808B00000CC5CB0 /* Supporting Files */,
			);
			path = PeronalTransGame;
			sourceTree = "<group>";
		};
		A92795182808AEEC00CC5CB0 /* GameVC */ = {
			isa = PBXGroup;
			children = (
				A92795192808AEEC00CC5CB0 /* GameVC.swift */,
			);
			path = GameVC;
			sourceTree = "<group>";
		};
		A927951A2808AEEC00CC5CB0 /* SettingsVC */ = {
			isa = PBXGroup;
			children = (
				A927951B2808AEEC00CC5CB0 /* SettingsVC.swift */,
			);
			path = SettingsVC;
			sourceTree = "<group>";
		};
		A927951C2808AEEC00CC5CB0 /* TranslateVC */ = {
			isa = PBXGroup;
			children = (
				A927951E2808AEEC00CC5CB0 /* TranslateVC.swift */,
				A927951D2808AEEC00CC5CB0 /* TranslateViewModel.swift */,
			);
			path = TranslateVC;
			sourceTree = "<group>";
		};
		A92795252808B00000CC5CB0 /* Supporting Files */ = {
			isa = PBXGroup;
			children = (
				A92795042808AD4900CC5CB0 /* AppDelegate.swift */,
				A92795062808AD4900CC5CB0 /* SceneDelegate.swift */,
				A927950D2808AD4B00CC5CB0 /* Assets.xcassets */,
				A927950F2808AD4B00CC5CB0 /* LaunchScreen.storyboard */,
				A92795122808AD4B00CC5CB0 /* Info.plist */,
			);
			path = "Supporting Files";
			sourceTree = "<group>";
		};
/* End PBXGroup section */

/* Begin PBXNativeTarget section */
		A92795002808AD4900CC5CB0 /* PeronalTransGame */ = {
			isa = PBXNativeTarget;
			buildConfigurationList = A92795152808AD4B00CC5CB0 /* Build configuration list for PBXNativeTarget "PeronalTransGame" */;
			buildPhases = (
				A92794FD2808AD4900CC5CB0 /* Sources */,
				A92794FE2808AD4900CC5CB0 /* Frameworks */,
				A92794FF2808AD4900CC5CB0 /* Resources */,
			);
			buildRules = (
			);
			dependencies = (
			);
			name = PeronalTransGame;
			productName = PeronalTranslGame;
			productReference = A92795012808AD4900CC5CB0 /* PeronalTransGame.app */;
			productType = "com.apple.product-type.application";
		};
/* End PBXNativeTarget section */

/* Begin PBXProject section */
		A92794F92808AD4900CC5CB0 /* Project object */ = {
			isa = PBXProject;
			attributes = {
				BuildIndependentTargetsInParallel = 1;
				LastSwiftUpdateCheck = 1320;
				LastUpgradeCheck = 1320;
				TargetAttributes = {
					A92795002808AD4900CC5CB0 = {
						CreatedOnToolsVersion = 13.2.1;
					};
				};
			};
			buildConfigurationList = A92794FC2808AD4900CC5CB0 /* Build configuration list for PBXProject "PeronalTransGame" */;
			compatibilityVersion = "Xcode 13.0";
			developmentRegion = en;
			hasScannedForEncodings = 0;
			knownRegions = (
				en,
				Base,
			);
			mainGroup = A92794F82808AD4900CC5CB0;
			productRefGroup = A92795022808AD4900CC5CB0 /* Products */;
			projectDirPath = "";
			projectRoot = "";
			targets = (
				A92795002808AD4900CC5CB0 /* PeronalTransGame */,
			);
		};
/* End PBXProject section */

/* Begin PBXResourcesBuildPhase section */
		A92794FF2808AD4900CC5CB0 /* Resources */ = {
			isa = PBXResourcesBuildPhase;
			buildActionMask = 2147483647;
			files = (
				A92795112808AD4B00CC5CB0 /* LaunchScreen.storyboard in Resources */,
				A927950E2808AD4B00CC5CB0 /* Assets.xcassets in Resources */,
			);
			runOnlyForDeploymentPostprocessing = 0;
		};
/* End PBXResourcesBuildPhase section */

/* Begin PBXSourcesBuildPhase section */
		A92794FD2808AD4900CC5CB0 /* Sources */ = {
			isa = PBXSourcesBuildPhase;
			buildActionMask = 2147483647;
			files = (
				A92795052808AD4900CC5CB0 /* AppDelegate.swift in Sources */,
				A927951F2808AEEC00CC5CB0 /* GameVC.swift in Sources */,
				A92795212808AEEC00CC5CB0 /* TranslateViewModel.swift in Sources */,
				A92795242808AEF500CC5CB0 /* TapBarVC.swift in Sources */,
				A92795072808AD4900CC5CB0 /* SceneDelegate.swift in Sources */,
				A92795222808AEEC00CC5CB0 /* TranslateVC.swift in Sources */,
				A92795202808AEEC00CC5CB0 /* SettingsVC.swift in Sources */,
			);
			runOnlyForDeploymentPostprocessing = 0;
		};
/* End PBXSourcesBuildPhase section */

/* Begin PBXVariantGroup section */
		A927950F2808AD4B00CC5CB0 /* LaunchScreen.storyboard */ = {
			isa = PBXVariantGroup;
			children = (
				A92795102808AD4B00CC5CB0 /* Base */,
			);
			name = LaunchScreen.storyboard;
			sourceTree = "<group>";
		};
/* End PBXVariantGroup section */

/* Begin XCBuildConfiguration section */
		A92795132808AD4B00CC5CB0 /* Debug */ = {
			isa = XCBuildConfiguration;
			buildSettings = {
				ALWAYS_SEARCH_USER_PATHS = NO;
				CLANG_ANALYZER_NONNULL = YES;
				CLANG_ANALYZER_NUMBER_OBJECT_CONVERSION = YES_AGGRESSIVE;
				CLANG_CXX_LANGUAGE_STANDARD = "gnu++17";
				CLANG_CXX_LIBRARY = "libc++";
				CLANG_ENABLE_MODULES = YES;
				CLANG_ENABLE_OBJC_ARC = YES;
				CLANG_ENABLE_OBJC_WEAK = YES;
				CLANG_WARN_BLOCK_CAPTURE_AUTORELEASING = YES;
				CLANG_WARN_BOOL_CONVERSION = YES;
				CLANG_WARN_COMMA = YES;
				CLANG_WARN_CONSTANT_CONVERSION = YES;
				CLANG_WARN_DEPRECATED_OBJC_IMPLEMENTATIONS = YES;
				CLANG_WARN_DIRECT_OBJC_ISA_USAGE = YES_ERROR;
				CLANG_WARN_DOCUMENTATION_COMMENTS = YES;
				CLANG_WARN_EMPTY_BODY = YES;
				CLANG_WARN_ENUM_CONVERSION = YES;
				CLANG_WARN_INFINITE_RECURSION = YES;
				CLANG_WARN_INT_CONVERSION = YES;
				CLANG_WARN_NON_LITERAL_NULL_CONVERSION = YES;
				CLANG_WARN_OBJC_IMPLICIT_RETAIN_SELF = YES;
				CLANG_WARN_OBJC_LITERAL_CONVERSION = YES;
				CLANG_WARN_OBJC_ROOT_CLASS = YES_ERROR;
				CLANG_WARN_QUOTED_INCLUDE_IN_FRAMEWORK_HEADER = YES;
				CLANG_WARN_RANGE_LOOP_ANALYSIS = YES;
				CLANG_WARN_STRICT_PROTOTYPES = YES;
				CLANG_WARN_SUSPICIOUS_MOVE = YES;
				CLANG_WARN_UNGUARDED_AVAILABILITY = YES_AGGRESSIVE;
				CLANG_WARN_UNREACHABLE_CODE = YES;
				CLANG_WARN__DUPLICATE_METHOD_MATCH = YES;
				COPY_PHASE_STRIP = NO;
				DEBUG_INFORMATION_FORMAT = dwarf;
				ENABLE_STRICT_OBJC_MSGSEND = YES;
				ENABLE_TESTABILITY = YES;
				GCC_C_LANGUAGE_STANDARD = gnu11;
				GCC_DYNAMIC_NO_PIC = NO;
				GCC_NO_COMMON_BLOCKS = YES;
				GCC_OPTIMIZATION_LEVEL = 0;
				GCC_PREPROCESSOR_DEFINITIONS = (
					"DEBUG=1",
					"$(inherited)",
				);
				GCC_WARN_64_TO_32_BIT_CONVERSION = YES;
				GCC_WARN_ABOUT_RETURN_TYPE = YES_ERROR;
				GCC_WARN_UNDECLARED_SELECTOR = YES;
				GCC_WARN_UNINITIALIZED_AUTOS = YES_AGGRESSIVE;
				GCC_WARN_UNUSED_FUNCTION = YES;
				GCC_WARN_UNUSED_VARIABLE = YES;
				IPHONEOS_DEPLOYMENT_TARGET = 15.2;
				MTL_ENABLE_DEBUG_INFO = INCLUDE_SOURCE;
				MTL_FAST_MATH = YES;
				ONLY_ACTIVE_ARCH = YES;
				SDKROOT = iphoneos;
				SWIFT_ACTIVE_COMPILATION_CONDITIONS = DEBUG;
				SWIFT_OPTIMIZATION_LEVEL = "-Onone";
			};
			name = Debug;
		};
		A92795142808AD4B00CC5CB0 /* Release */ = {
			isa = XCBuildConfiguration;
			buildSettings = {
				ALWAYS_SEARCH_USER_PATHS = NO;
				CLANG_ANALYZER_NONNULL = YES;
				CLANG_ANALYZER_NUMBER_OBJECT_CONVERSION = YES_AGGRESSIVE;
				CLANG_CXX_LANGUAGE_STANDARD = "gnu++17";
				CLANG_CXX_LIBRARY = "libc++";
				CLANG_ENABLE_MODULES = YES;
				CLANG_ENABLE_OBJC_ARC = YES;
				CLANG_ENABLE_OBJC_WEAK = YES;
				CLANG_WARN_BLOCK_CAPTURE_AUTORELEASING = YES;
				CLANG_WARN_BOOL_CONVERSION = YES;
				CLANG_WARN_COMMA = YES;
				CLANG_WARN_CONSTANT_CONVERSION = YES;
				CLANG_WARN_DEPRECATED_OBJC_IMPLEMENTATIONS = YES;
				CLANG_WARN_DIRECT_OBJC_ISA_USAGE = YES_ERROR;
				CLANG_WARN_DOCUMENTATION_COMMENTS = YES;
				CLANG_WARN_EMPTY_BODY = YES;
				CLANG_WARN_ENUM_CONVERSION = YES;
				CLANG_WARN_INFINITE_RECURSION = YES;
				CLANG_WARN_INT_CONVERSION = YES;
				CLANG_WARN_NON_LITERAL_NULL_CONVERSION = YES;
				CLANG_WARN_OBJC_IMPLICIT_RETAIN_SELF = YES;
				CLANG_WARN_OBJC_LITERAL_CONVERSION = YES;
				CLANG_WARN_OBJC_ROOT_CLASS = YES_ERROR;
				CLANG_WARN_QUOTED_INCLUDE_IN_FRAMEWORK_HEADER = YES;
				CLANG_WARN_RANGE_LOOP_ANALYSIS = YES;
				CLANG_WARN_STRICT_PROTOTYPES = YES;
				CLANG_WARN_SUSPICIOUS_MOVE = YES;
				CLANG_WARN_UNGUARDED_AVAILABILITY = YES_AGGRESSIVE;
				CLANG_WARN_UNREACHABLE_CODE = YES;
				CLANG_WARN__DUPLICATE_METHOD_MATCH = YES;
				COPY_PHASE_STRIP = NO;
				DEBUG_INFORMATION_FORMAT = "dwarf-with-dsym";
				ENABLE_NS_ASSERTIONS = NO;
				ENABLE_STRICT_OBJC_MSGSEND = YES;
				GCC_C_LANGUAGE_STANDARD = gnu11;
				GCC_NO_COMMON_BLOCKS = YES;
				GCC_WARN_64_TO_32_BIT_CONVERSION = YES;
				GCC_WARN_ABOUT_RETURN_TYPE = YES_ERROR;
				GCC_WARN_UNDECLARED_SELECTOR = YES;
				GCC_WARN_UNINITIALIZED_AUTOS = YES_AGGRESSIVE;
				GCC_WARN_UNUSED_FUNCTION = YES;
				GCC_WARN_UNUSED_VARIABLE = YES;
				IPHONEOS_DEPLOYMENT_TARGET = 15.2;
				MTL_ENABLE_DEBUG_INFO = NO;
				MTL_FAST_MATH = YES;
				SDKROOT = iphoneos;
				SWIFT_COMPILATION_MODE = wholemodule;
				SWIFT_OPTIMIZATION_LEVEL = "-O";
				VALIDATE_PRODUCT = YES;
			};
			name = Release;
		};
		A92795162808AD4B00CC5CB0 /* Debug */ = {
			isa = XCBuildConfiguration;
			buildSettings = {
				ASSETCATALOG_COMPILER_APPICON_NAME = AppIcon;
				ASSETCATALOG_COMPILER_GLOBAL_ACCENT_COLOR_NAME = AccentColor;
				CODE_SIGN_STYLE = Automatic;
				CURRENT_PROJECT_VERSION = 1;
				DEVELOPMENT_TEAM = CY87MBJTCB;
				GENERATE_INFOPLIST_FILE = YES;
				INFOPLIST_FILE = "PeronalTransGame/Supporting Files/Info.plist";
				INFOPLIST_KEY_UIApplicationSupportsIndirectInputEvents = YES;
				INFOPLIST_KEY_UILaunchStoryboardName = LaunchScreen;
				INFOPLIST_KEY_UISupportedInterfaceOrientations_iPad = "UIInterfaceOrientationPortrait UIInterfaceOrientationPortraitUpsideDown UIInterfaceOrientationLandscapeLeft UIInterfaceOrientationLandscapeRight";
				INFOPLIST_KEY_UISupportedInterfaceOrientations_iPhone = "UIInterfaceOrientationPortrait UIInterfaceOrientationLandscapeLeft UIInterfaceOrientationLandscapeRight";
				LD_RUNPATH_SEARCH_PATHS = (
					"$(inherited)",
					"@executable_path/Frameworks",
				);
				MARKETING_VERSION = 1.0;
				PRODUCT_BUNDLE_IDENTIFIER = irklch.PeronalTransGame;
				PRODUCT_NAME = "$(TARGET_NAME)";
				SWIFT_EMIT_LOC_STRINGS = YES;
				SWIFT_VERSION = 5.0;
				TARGETED_DEVICE_FAMILY = "1,2";
			};
			name = Debug;
		};
		A92795172808AD4B00CC5CB0 /* Release */ = {
			isa = XCBuildConfiguration;
			buildSettings = {
				ASSETCATALOG_COMPILER_APPICON_NAME = AppIcon;
				ASSETCATALOG_COMPILER_GLOBAL_ACCENT_COLOR_NAME = AccentColor;
				CODE_SIGN_STYLE = Automatic;
				CURRENT_PROJECT_VERSION = 1;
				DEVELOPMENT_TEAM = CY87MBJTCB;
				GENERATE_INFOPLIST_FILE = YES;
				INFOPLIST_FILE = "PeronalTransGame/Supporting Files/Info.plist";
				INFOPLIST_KEY_UIApplicationSupportsIndirectInputEvents = YES;
				INFOPLIST_KEY_UILaunchStoryboardName = LaunchScreen;
				INFOPLIST_KEY_UISupportedInterfaceOrientations_iPad = "UIInterfaceOrientationPortrait UIInterfaceOrientationPortraitUpsideDown UIInterfaceOrientationLandscapeLeft UIInterfaceOrientationLandscapeRight";
				INFOPLIST_KEY_UISupportedInterfaceOrientations_iPhone = "UIInterfaceOrientationPortrait UIInterfaceOrientationLandscapeLeft UIInterfaceOrientationLandscapeRight";
				LD_RUNPATH_SEARCH_PATHS = (
					"$(inherited)",
					"@executable_path/Frameworks",
				);
				MARKETING_VERSION = 1.0;
				PRODUCT_BUNDLE_IDENTIFIER = irklch.PeronalTransGame;
				PRODUCT_NAME = "$(TARGET_NAME)";
				SWIFT_EMIT_LOC_STRINGS = YES;
				SWIFT_VERSION = 5.0;
				TARGETED_DEVICE_FAMILY = "1,2";
			};
			name = Release;
		};
/* End XCBuildConfiguration section */

/* Begin XCConfigurationList section */
		A92794FC2808AD4900CC5CB0 /* Build configuration list for PBXProject "PeronalTransGame" */ = {
			isa = XCConfigurationList;
			buildConfigurations = (
				A92795132808AD4B00CC5CB0 /* Debug */,
				A92795142808AD4B00CC5CB0 /* Release */,
			);
			defaultConfigurationIsVisible = 0;
			defaultConfigurationName = Release;
		};
		A92795152808AD4B00CC5CB0 /* Build configuration list for PBXNativeTarget "PeronalTransGame" */ = {
			isa = XCConfigurationList;
			buildConfigurations = (
				A92795162808AD4B00CC5CB0 /* Debug */,
				A92795172808AD4B00CC5CB0 /* Release */,
			);
			defaultConfigurationIsVisible = 0;
			defaultConfigurationName = Release;
		};
/* End XCConfigurationList section */
	};
	rootObject = A92794F92808AD4900CC5CB0 /* Project object */;
}
